
Microsoft Visual Studio Solution File, Format Version 12.00
# Visual Studio Version 17
VisualStudioVersion = 17.9.34622.214
MinimumVisualStudioVersion = 10.0.40219.1
Project("{9A19103F-16F7-4668-BE54-9A1E7A4F7556}") = "Cell", "Cell\Cell.csproj", "{B7AF6053-FC05-49BF-8D7C-B4A3DD0E07B8}"
	ProjectSection(ProjectDependencies) = postProject
		{1B7698C5-4895-47E8-B4AC-482284EE9346} = {1B7698C5-4895-47E8-B4AC-482284EE9346}
	EndProjectSection
EndProject
Project("{9A19103F-16F7-4668-BE54-9A1E7A4F7556}") = "Cell.Domain", "Cell.Domain\Cell.Domain.csproj", "{6F7C1C94-D709-4DDB-8064-392E6F7E35F3}"
EndProject
Project("{9A19103F-16F7-4668-BE54-9A1E7A4F7556}") = "Cell.DAL", "Cell.DAL\Cell.DAL.csproj", "{9094E5F0-0B7B-403F-9768-74EDF9C9D3D9}"
	ProjectSection(ProjectDependencies) = postProject
		{6F7C1C94-D709-4DDB-8064-392E6F7E35F3} = {6F7C1C94-D709-4DDB-8064-392E6F7E35F3}
	EndProjectSection
EndProject
Project("{9A19103F-16F7-4668-BE54-9A1E7A4F7556}") = "Cell.Application", "Cell.Application\Cell.Application.csproj", "{1B7698C5-4895-47E8-B4AC-482284EE9346}"
EndProject
Global
	GlobalSection(SolutionConfigurationPlatforms) = preSolution
		Debug|Any CPU = Debug|Any CPU
		Release|Any CPU = Release|Any CPU
	EndGlobalSection
	GlobalSection(ProjectConfigurationPlatforms) = postSolution
		{B7AF6053-FC05-49BF-8D7C-B4A3DD0E07B8}.Debug|Any CPU.ActiveCfg = Debug|Any CPU
		{B7AF6053-FC05-49BF-8D7C-B4A3DD0E07B8}.Debug|Any CPU.Build.0 = Debug|Any CPU
		{B7AF6053-FC05-49BF-8D7C-B4A3DD0E07B8}.Release|Any CPU.ActiveCfg = Release|Any CPU
		{B7AF6053-FC05-49BF-8D7C-B4A3DD0E07B8}.Release|Any CPU.Build.0 = Release|Any CPU
		{6F7C1C94-D709-4DDB-8064-392E6F7E35F3}.Debug|Any CPU.ActiveCfg = Debug|Any CPU
		{6F7C1C94-D709-4DDB-8064-392E6F7E35F3}.Debug|Any CPU.Build.0 = Debug|Any CPU
		{6F7C1C94-D709-4DDB-8064-392E6F7E35F3}.Release|Any CPU.ActiveCfg = Release|Any CPU
		{6F7C1C94-D709-4DDB-8064-392E6F7E35F3}.Release|Any CPU.Build.0 = Release|Any CPU
		{9094E5F0-0B7B-403F-9768-74EDF9C9D3D9}.Debug|Any CPU.ActiveCfg = Debug|Any CPU
		{9094E5F0-0B7B-403F-9768-74EDF9C9D3D9}.Debug|Any CPU.Build.0 = Debug|Any CPU
		{9094E5F0-0B7B-403F-9768-74EDF9C9D3D9}.Release|Any CPU.ActiveCfg = Release|Any CPU
		{9094E5F0-0B7B-403F-9768-74EDF9C9D3D9}.Release|Any CPU.Build.0 = Release|Any CPU
		{1B7698C5-4895-47E8-B4AC-482284EE9346}.Debug|Any CPU.ActiveCfg = Debug|Any CPU
		{1B7698C5-4895-47E8-B4AC-482284EE9346}.Debug|Any CPU.Build.0 = Debug|Any CPU
		{1B7698C5-4895-47E8-B4AC-482284EE9346}.Release|Any CPU.ActiveCfg = Release|Any CPU
		{1B7698C5-4895-47E8-B4AC-482284EE9346}.Release|Any CPU.Build.0 = Release|Any CPU
	EndGlobalSection
	GlobalSection(SolutionProperties) = preSolution
		HideSolutionNode = FALSE
	EndGlobalSection
	GlobalSection(ExtensibilityGlobals) = postSolution
		SolutionGuid = {9D999DDB-00A1-4331-923B-AA76D2CC6CEF}
	EndGlobalSection
EndGlobal
